
Microsoft Visual Studio Solution File, Format Version 12.00
# Visual Studio Version 17
VisualStudioVersion = 17.1.32319.34
MinimumVisualStudioVersion = 10.0.40219.1
Project("{FAE04EC0-301F-11D3-BF4B-00C04F79EFBC}") = "prova djalma exercicio 4", "prova djalma exercicio 4.csproj", "{E6AF2AFD-2F9F-4409-B652-E02F1280939C}"
EndProject
Global
	GlobalSection(SolutionConfigurationPlatforms) = preSolution
		Debug|Any CPU = Debug|Any CPU
		Release|Any CPU = Release|Any CPU
	EndGlobalSection
	GlobalSection(ProjectConfigurationPlatforms) = postSolution
		{E6AF2AFD-2F9F-4409-B652-E02F1280939C}.Debug|Any CPU.ActiveCfg = Debug|Any CPU
		{E6AF2AFD-2F9F-4409-B652-E02F1280939C}.Debug|Any CPU.Build.0 = Debug|Any CPU
		{E6AF2AFD-2F9F-4409-B652-E02F1280939C}.Release|Any CPU.ActiveCfg = Release|Any CPU
		{E6AF2AFD-2F9F-4409-B652-E02F1280939C}.Release|Any CPU.Build.0 = Release|Any CPU
	EndGlobalSection
	GlobalSection(SolutionProperties) = preSolution
		HideSolutionNode = FALSE
	EndGlobalSection
	GlobalSection(ExtensibilityGlobals) = postSolution
		SolutionGuid = {8EE50C30-DB18-485C-94FF-8E4A0588E7BE}
	EndGlobalSection
EndGlobal
